
Microsoft Visual Studio Solution File, Format Version 12.00
# Visual Studio Version 17
VisualStudioVersion = 17.7.34202.233
MinimumVisualStudioVersion = 10.0.40219.1
Project("{9A19103F-16F7-4668-BE54-9A1E7A4F7556}") = "OiBobaLoja", "OiBobaLoja.csproj", "{6589EF13-8F95-46DB-BE6D-A6AB97D59018}"
EndProject
Global
	GlobalSection(SolutionConfigurationPlatforms) = preSolution
		Debug|Any CPU = Debug|Any CPU
		Release|Any CPU = Release|Any CPU
	EndGlobalSection
	GlobalSection(ProjectConfigurationPlatforms) = postSolution
		{6589EF13-8F95-46DB-BE6D-A6AB97D59018}.Debug|Any CPU.ActiveCfg = Debug|Any CPU
		{6589EF13-8F95-46DB-BE6D-A6AB97D59018}.Debug|Any CPU.Build.0 = Debug|Any CPU
		{6589EF13-8F95-46DB-BE6D-A6AB97D59018}.Release|Any CPU.ActiveCfg = Release|Any CPU
		{6589EF13-8F95-46DB-BE6D-A6AB97D59018}.Release|Any CPU.Build.0 = Release|Any CPU
	EndGlobalSection
	GlobalSection(SolutionProperties) = preSolution
		HideSolutionNode = FALSE
	EndGlobalSection
	GlobalSection(ExtensibilityGlobals) = postSolution
		SolutionGuid = {FD5A26A0-1F7B-4215-A183-51BB6B217A3F}
	EndGlobalSection
EndGlobal
